{
  "name": "bookStoreAPI",
  "lockfileVersion": 3,
  "requires": true,
  "packages": {
    "": {
      "dependencies": {
        "bcryptjs": "^3.0.2",
        "dotenv": "^17.2.2"
      },
      "devDependencies": {
        "@types/bcryptjs": "^2.4.6",
        "@types/jsonwebtoken": "^9.0.10"
      }
    },
    "node_modules/@types/bcryptjs": {
      "version": "2.4.6",
      "resolved": "https://registry.npmjs.org/@types/bcryptjs/-/bcryptjs-2.4.6.tgz",
      "integrity": "sha512-9xlo6R2qDs5uixm0bcIqCeMCE6HiQsIyel9KQySStiyqNl2tnj2mP3DX1Nf56MD6KMenNNlBBsy3LJ7gUEQPXQ==",
      "dev": true,
      "license": "MIT"
    },
    "node_modules/@types/jsonwebtoken": {
      "version": "9.0.10",
      "resolved": "https://registry.npmjs.org/@types/jsonwebtoken/-/jsonwebtoken-9.0.10.tgz",
      "integrity": "sha512-asx5hIG9Qmf/1oStypjanR7iKTv0gXQ1Ov/jfrX6kS/EO0OFni8orbmGCn0672NHR3kXHwpAwR+B368ZGN/2rA==",
      "dev": true,
      "license": "MIT",
      "dependencies": {
        "@types/ms": "*",
        "@types/node": "*"
      }
    },
    "node_modules/@types/ms": {
      "version": "2.1.0",
      "resolved": "https://registry.npmjs.org/@types/ms/-/ms-2.1.0.tgz",
      "integrity": "sha512-GsCCIZDE/p3i96vtEqx+7dBUGXrc7zeSK3wwPHIaRThS+9OhWIXRqzs4d6k1SVU8g91DrNRWxWUGhp5KXQb2VA==",
      "dev": true,
      "license": "MIT"
    },
    "node_modules/@types/node": {
      "version": "24.5.2",
      "resolved": "https://registry.npmjs.org/@types/node/-/node-24.5.2.tgz",
      "integrity": "sha512-FYxk1I7wPv3K2XBaoyH2cTnocQEu8AOZ60hPbsyukMPLv5/5qr7V1i8PLHdl6Zf87I+xZXFvPCXYjiTFq+YSDQ==",
      "dev": true,
      "license": "MIT",
      "dependencies": {
        "undici-types": "~7.12.0"
      }
    },
    "node_modules/bcryptjs": {
      "version": "3.0.2",
      "resolved": "https://registry.npmjs.org/bcryptjs/-/bcryptjs-3.0.2.tgz",
      "integrity": "sha512-k38b3XOZKv60C4E2hVsXTolJWfkGRMbILBIe2IBITXciy5bOsTKot5kDrf3ZfufQtQOUN5mXceUEpU1rTl9Uog==",
      "license": "BSD-3-Clause",
      "bin": {
        "bcrypt": "bin/bcrypt"
      }
    },
    "node_modules/dotenv": {
      "version": "17.2.2",
      "resolved": "https://registry.npmjs.org/dotenv/-/dotenv-17.2.2.tgz",
      "integrity": "sha512-Sf2LSQP+bOlhKWWyhFsn0UsfdK/kCWRv1iuA2gXAwt3dyNabr6QSj00I2V10pidqz69soatm9ZwZvpQMTIOd5Q==",
      "license": "BSD-2-Clause",
      "engines": {
        "node": ">=12"
      },
      "funding": {
        "url": "https://dotenvx.com"
      }
    },
    "node_modules/undici-types": {
      "version": "7.12.0",
      "resolved": "https://registry.npmjs.org/undici-types/-/undici-types-7.12.0.tgz",
      "integrity": "sha512-goOacqME2GYyOZZfb5Lgtu+1IDmAlAEu5xnD3+xTzS10hT0vzpf0SPjkXwAw9Jm+4n/mQGDP3LO8CPbYROeBfQ==",
      "dev": true,
      "license": "MIT"
    }
  }
}
